Microsoft Visual Studio Solution File, Format Version 12.00
# Visual Studio Version 16
VisualStudioVersion = 16.0.29020.237
MinimumVisualStudioVersion = 10.0.40219.1
Project("{FAE04EC0-301F-11D3-BF4B-00C04F79EFBC}") = "bamwallet", "bamwallet\bamwallet.csproj", "{319B273A-EA73-410E-9801-7F72DC89700F}"
EndProject
Project("{FAE04EC0-301F-11D3-BF4B-00C04F79EFBC}") = "cli", "cli\cli.csproj", "{CE933E2B-7944-4C02-972A-29AAFB0C71DC}"
EndProject
Global
	GlobalSection(SolutionConfigurationPlatforms) = preSolution
		Debug|Any CPU = Debug|Any CPU
		Debug|x64 = Debug|x64
		Release|Any CPU = Release|Any CPU
		Release|x64 = Release|x64
	EndGlobalSection
	GlobalSection(ProjectConfigurationPlatforms) = postSolution
		{319B273A-EA73-410E-9801-7F72DC89700F}.Debug|Any CPU.ActiveCfg = Debug|Any CPU
		{319B273A-EA73-410E-9801-7F72DC89700F}.Debug|Any CPU.Build.0 = Debug|Any CPU
		{319B273A-EA73-410E-9801-7F72DC89700F}.Debug|x64.ActiveCfg = Debug|Any CPU
		{319B273A-EA73-410E-9801-7F72DC89700F}.Debug|x64.Build.0 = Debug|Any CPU
		{319B273A-EA73-410E-9801-7F72DC89700F}.Release|Any CPU.ActiveCfg = Release|Any CPU
		{319B273A-EA73-410E-9801-7F72DC89700F}.Release|Any CPU.Build.0 = Release|Any CPU
		{319B273A-EA73-410E-9801-7F72DC89700F}.Release|x64.ActiveCfg = Release|Any CPU
		{319B273A-EA73-410E-9801-7F72DC89700F}.Release|x64.Build.0 = Release|Any CPU
		{CE933E2B-7944-4C02-972A-29AAFB0C71DC}.Debug|Any CPU.ActiveCfg = Debug|Any CPU
		{CE933E2B-7944-4C02-972A-29AAFB0C71DC}.Debug|Any CPU.Build.0 = Debug|Any CPU
		{CE933E2B-7944-4C02-972A-29AAFB0C71DC}.Debug|x64.ActiveCfg = Debug|x64
		{CE933E2B-7944-4C02-972A-29AAFB0C71DC}.Debug|x64.Build.0 = Debug|x64
		{CE933E2B-7944-4C02-972A-29AAFB0C71DC}.Release|Any CPU.ActiveCfg = Release|Any CPU
		{CE933E2B-7944-4C02-972A-29AAFB0C71DC}.Release|Any CPU.Build.0 = Release|Any CPU
		{CE933E2B-7944-4C02-972A-29AAFB0C71DC}.Release|x64.ActiveCfg = Release|x64
		{CE933E2B-7944-4C02-972A-29AAFB0C71DC}.Release|x64.Build.0 = Release|x64
	EndGlobalSection
	GlobalSection(SolutionProperties) = preSolution
		HideSolutionNode = FALSE
	EndGlobalSection
	GlobalSection(ExtensibilityGlobals) = postSolution
		SolutionGuid = {4A229E3A-76A7-482E-869D-9BB09111EEBB}
	EndGlobalSection
	GlobalSection(MonoDevelopProperties) = preSolution
		Policies = $0
		$0.DotNetNamingPolicy = $1
		$1.DirectoryNamespaceAssociation = PrefixedHierarchical
		$0.StandardHeader = $2
	EndGlobalSection
EndGlobal
